
Microsoft Visual Studio Solution File, Format Version 12.00
# Visual Studio Version 17
VisualStudioVersion = 17.8.34408.163
MinimumVisualStudioVersion = 10.0.40219.1
Project("{9A19103F-16F7-4668-BE54-9A1E7A4F7556}") = "CameraScreenshotBot.Core", "CameraScreenshotBot.Core\CameraScreenshotBot.Core.csproj", "{3789A3DB-6ABB-4966-AC8F-821DA758EDED}"
EndProject
Project("{FAE04EC0-301F-11D3-BF4B-00C04F79EFBC}") = "CameraScreenshotBot.Tool", "..\CameraScreenshotBot.Tool\CameraScreenshotBot.Tool.csproj", "{92787D36-7D58-4C58-98C3-99FA2CE4DA78}"
EndProject
Project("{9A19103F-16F7-4668-BE54-9A1E7A4F7556}") = "Lagrange.Core", "Lagrange.Core\Lagrange.Core\Lagrange.Core.csproj", "{5C0128AF-478C-4322-8B08-D6F4D00559F0}"
EndProject
Global
	GlobalSection(SolutionConfigurationPlatforms) = preSolution
		Debug|Any CPU = Debug|Any CPU
		Release|Any CPU = Release|Any CPU
	EndGlobalSection
	GlobalSection(ProjectConfigurationPlatforms) = postSolution
		{3789A3DB-6ABB-4966-AC8F-821DA758EDED}.Debug|Any CPU.ActiveCfg = Debug|Any CPU
		{3789A3DB-6ABB-4966-AC8F-821DA758EDED}.Debug|Any CPU.Build.0 = Debug|Any CPU
		{3789A3DB-6ABB-4966-AC8F-821DA758EDED}.Release|Any CPU.ActiveCfg = Release|Any CPU
		{3789A3DB-6ABB-4966-AC8F-821DA758EDED}.Release|Any CPU.Build.0 = Release|Any CPU
		{92787D36-7D58-4C58-98C3-99FA2CE4DA78}.Debug|Any CPU.ActiveCfg = Debug|Any CPU
		{92787D36-7D58-4C58-98C3-99FA2CE4DA78}.Debug|Any CPU.Build.0 = Debug|Any CPU
		{92787D36-7D58-4C58-98C3-99FA2CE4DA78}.Release|Any CPU.ActiveCfg = Release|Any CPU
		{92787D36-7D58-4C58-98C3-99FA2CE4DA78}.Release|Any CPU.Build.0 = Release|Any CPU
		{5C0128AF-478C-4322-8B08-D6F4D00559F0}.Debug|Any CPU.ActiveCfg = Debug|Any CPU
		{5C0128AF-478C-4322-8B08-D6F4D00559F0}.Debug|Any CPU.Build.0 = Debug|Any CPU
		{5C0128AF-478C-4322-8B08-D6F4D00559F0}.Release|Any CPU.ActiveCfg = Release|Any CPU
		{5C0128AF-478C-4322-8B08-D6F4D00559F0}.Release|Any CPU.Build.0 = Release|Any CPU
	EndGlobalSection
	GlobalSection(SolutionProperties) = preSolution
		HideSolutionNode = FALSE
	EndGlobalSection
	GlobalSection(ExtensibilityGlobals) = postSolution
		SolutionGuid = {0BF666F4-2E29-4001-8A48-96FD35369224}
	EndGlobalSection
EndGlobal
